<?xml version="1.0" encoding="UTF-8"?>
<CodeBlocks_project_file>
	<FileVersion major="1" minor="6"/>
	<Project>
		<Option title="MC_simulation"/>
		<Option makefile_is_custom="1"/>
		<Option compiler="gcc"/>
		<Option virtualFolders="CMake Files\;CMake Files\..\;CMake Files\..\..\;CMake Files\..\..\..\;CMake Files\..\..\..\..\;CMake Files\..\..\..\..\usr\;CMake Files\..\..\..\..\usr\lib\;CMake Files\..\..\..\..\usr\lib\x86_64-linux-gnu\;CMake Files\..\..\..\..\usr\lib\x86_64-linux-gnu\cmake\;CMake Files\..\..\..\..\usr\lib\x86_64-linux-gnu\cmake\Qt5Network\;CMake Files\..\..\..\..\usr\lib\x86_64-linux-gnu\cmake\Qt5Core\;CMake Files\..\..\..\..\usr\lib\x86_64-linux-gnu\cmake\Qt5Widgets\;CMake Files\..\..\..\..\usr\lib\x86_64-linux-gnu\cmake\Qt5Gui\;CMake Files\..\..\..\..\usr\lib\x86_64-linux-gnu\cmake\Qt5\;"/>
		<Build>
			<Target title="all">
				<Option working_dir="/home/eman/Monte-Carlo-Simulation-of-Light-Propagation/build-MC_Simulation_CUDA-Unnamed_6e5b11-Default"/>
				<Option type="4"/>
				<MakeCommands>
					<Build command="/usr/bin/make -j4 -f &quot;/home/eman/Monte-Carlo-Simulation-of-Light-Propagation/build-MC_Simulation_CUDA-Unnamed_6e5b11-Default/Makefile&quot;  VERBOSE=1 all"/>
					<CompileFile command="/usr/bin/make -j4 -f &quot;/home/eman/Monte-Carlo-Simulation-of-Light-Propagation/build-MC_Simulation_CUDA-Unnamed_6e5b11-Default/Makefile&quot;  VERBOSE=1 &quot;$file&quot;"/>
					<Clean command="/usr/bin/make -j4 -f &quot;/home/eman/Monte-Carlo-Simulation-of-Light-Propagation/build-MC_Simulation_CUDA-Unnamed_6e5b11-Default/Makefile&quot;  VERBOSE=1 clean"/>
					<DistClean command="/usr/bin/make -j4 -f &quot;/home/eman/Monte-Carlo-Simulation-of-Light-Propagation/build-MC_Simulation_CUDA-Unnamed_6e5b11-Default/Makefile&quot;  VERBOSE=1 clean"/>
				</MakeCommands>
			</Target>
			<Target title="rebuild_cache">
				<Option working_dir="/home/eman/Monte-Carlo-Simulation-of-Light-Propagation/build-MC_Simulation_CUDA-Unnamed_6e5b11-Default"/>
				<Option type="4"/>
				<MakeCommands>
					<Build command="/usr/bin/make -j4 -f &quot;/home/eman/Monte-Carlo-Simulation-of-Light-Propagation/build-MC_Simulation_CUDA-Unnamed_6e5b11-Default/Makefile&quot;  VERBOSE=1 rebuild_cache"/>
					<CompileFile command="/usr/bin/make -j4 -f &quot;/home/eman/Monte-Carlo-Simulation-of-Light-Propagation/build-MC_Simulation_CUDA-Unnamed_6e5b11-Default/Makefile&quot;  VERBOSE=1 &quot;$file&quot;"/>
					<Clean command="/usr/bin/make -j4 -f &quot;/home/eman/Monte-Carlo-Simulation-of-Light-Propagation/build-MC_Simulation_CUDA-Unnamed_6e5b11-Default/Makefile&quot;  VERBOSE=1 clean"/>
					<DistClean command="/usr/bin/make -j4 -f &quot;/home/eman/Monte-Carlo-Simulation-of-Light-Propagation/build-MC_Simulation_CUDA-Unnamed_6e5b11-Default/Makefile&quot;  VERBOSE=1 clean"/>
				</MakeCommands>
			</Target>
			<Target title="MC_simulation">
				<Option output="/home/eman/Monte-Carlo-Simulation-of-Light-Propagation/build-MC_Simulation_CUDA-Unnamed_6e5b11-Default/MC_simulation" prefix_auto="0" extension_auto="0"/>
				<Option working_dir="/home/eman/Monte-Carlo-Simulation-of-Light-Propagation/build-MC_Simulation_CUDA-Unnamed_6e5b11-Default"/>
				<Option object_output="./"/>
				<Option type="1"/>
				<Option compiler="gcc"/>
				<Compiler>
					<Add option="-DQT_WIDGETS_LIB"/>
					<Add option="-DQT_GUI_LIB"/>
					<Add option="-DQT_CORE_LIB"/>
					<Add option="-DQT_NO_DEBUG"/>
					<Add option="-DQT_NETWORK_LIB"/>
					<Add directory="/home/eman/Monte-Carlo-Simulation-of-Light-Propagation/build-MC_Simulation_CUDA-Unnamed_6e5b11-Default"/>
					<Add directory="/home/eman/Monte-Carlo-Simulation-of-Light-Propagation/MC_Simulation_CUDA"/>
					<Add directory="/home/eman/Monte-Carlo-Simulation-of-Light-Propagation/build-MC_Simulation_CUDA-Unnamed_6e5b11-Default/MC_simulation_autogen/include"/>
					<Add directory="/usr/include/x86_64-linux-gnu/qt5"/>
					<Add directory="/usr/include/x86_64-linux-gnu/qt5/QtWidgets"/>
					<Add directory="/usr/include/x86_64-linux-gnu/qt5/QtGui"/>
					<Add directory="/usr/include/x86_64-linux-gnu/qt5/QtCore"/>
					<Add directory="/usr/lib/x86_64-linux-gnu/qt5/mkspecs/linux-g++"/>
					<Add directory="/usr/include/x86_64-linux-gnu/qt5/QtNetwork"/>
					<Add directory="/usr/include/c++/6"/>
					<Add directory="/usr/include/x86_64-linux-gnu/c++/6"/>
					<Add directory="/usr/include/c++/6/backward"/>
					<Add directory="/usr/lib/gcc/x86_64-linux-gnu/6/include"/>
					<Add directory="/usr/local/include"/>
					<Add directory="/usr/lib/gcc/x86_64-linux-gnu/6/include-fixed"/>
					<Add directory="/usr/include/x86_64-linux-gnu"/>
					<Add directory="/usr/include"/>
				</Compiler>
				<MakeCommands>
					<Build command="/usr/bin/make -j4 -f &quot;/home/eman/Monte-Carlo-Simulation-of-Light-Propagation/build-MC_Simulation_CUDA-Unnamed_6e5b11-Default/Makefile&quot;  VERBOSE=1 MC_simulation"/>
					<CompileFile command="/usr/bin/make -j4 -f &quot;/home/eman/Monte-Carlo-Simulation-of-Light-Propagation/build-MC_Simulation_CUDA-Unnamed_6e5b11-Default/Makefile&quot;  VERBOSE=1 &quot;$file&quot;"/>
					<Clean command="/usr/bin/make -j4 -f &quot;/home/eman/Monte-Carlo-Simulation-of-Light-Propagation/build-MC_Simulation_CUDA-Unnamed_6e5b11-Default/Makefile&quot;  VERBOSE=1 clean"/>
					<DistClean command="/usr/bin/make -j4 -f &quot;/home/eman/Monte-Carlo-Simulation-of-Light-Propagation/build-MC_Simulation_CUDA-Unnamed_6e5b11-Default/Makefile&quot;  VERBOSE=1 clean"/>
				</MakeCommands>
			</Target>
			<Target title="MC_simulation/fast">
				<Option output="/home/eman/Monte-Carlo-Simulation-of-Light-Propagation/build-MC_Simulation_CUDA-Unnamed_6e5b11-Default/MC_simulation" prefix_auto="0" extension_auto="0"/>
				<Option working_dir="/home/eman/Monte-Carlo-Simulation-of-Light-Propagation/build-MC_Simulation_CUDA-Unnamed_6e5b11-Default"/>
				<Option object_output="./"/>
				<Option type="1"/>
				<Option compiler="gcc"/>
				<Compiler>
					<Add option="-DQT_WIDGETS_LIB"/>
					<Add option="-DQT_GUI_LIB"/>
					<Add option="-DQT_CORE_LIB"/>
					<Add option="-DQT_NO_DEBUG"/>
					<Add option="-DQT_NETWORK_LIB"/>
					<Add directory="/home/eman/Monte-Carlo-Simulation-of-Light-Propagation/build-MC_Simulation_CUDA-Unnamed_6e5b11-Default"/>
					<Add directory="/home/eman/Monte-Carlo-Simulation-of-Light-Propagation/MC_Simulation_CUDA"/>
					<Add directory="/home/eman/Monte-Carlo-Simulation-of-Light-Propagation/build-MC_Simulation_CUDA-Unnamed_6e5b11-Default/MC_simulation_autogen/include"/>
					<Add directory="/usr/include/x86_64-linux-gnu/qt5"/>
					<Add directory="/usr/include/x86_64-linux-gnu/qt5/QtWidgets"/>
					<Add directory="/usr/include/x86_64-linux-gnu/qt5/QtGui"/>
					<Add directory="/usr/include/x86_64-linux-gnu/qt5/QtCore"/>
					<Add directory="/usr/lib/x86_64-linux-gnu/qt5/mkspecs/linux-g++"/>
					<Add directory="/usr/include/x86_64-linux-gnu/qt5/QtNetwork"/>
					<Add directory="/usr/include/c++/6"/>
					<Add directory="/usr/include/x86_64-linux-gnu/c++/6"/>
					<Add directory="/usr/include/c++/6/backward"/>
					<Add directory="/usr/lib/gcc/x86_64-linux-gnu/6/include"/>
					<Add directory="/usr/local/include"/>
					<Add directory="/usr/lib/gcc/x86_64-linux-gnu/6/include-fixed"/>
					<Add directory="/usr/include/x86_64-linux-gnu"/>
					<Add directory="/usr/include"/>
				</Compiler>
				<MakeCommands>
					<Build command="/usr/bin/make -j4 -f &quot;/home/eman/Monte-Carlo-Simulation-of-Light-Propagation/build-MC_Simulation_CUDA-Unnamed_6e5b11-Default/Makefile&quot;  VERBOSE=1 MC_simulation/fast"/>
					<CompileFile command="/usr/bin/make -j4 -f &quot;/home/eman/Monte-Carlo-Simulation-of-Light-Propagation/build-MC_Simulation_CUDA-Unnamed_6e5b11-Default/Makefile&quot;  VERBOSE=1 &quot;$file&quot;"/>
					<Clean command="/usr/bin/make -j4 -f &quot;/home/eman/Monte-Carlo-Simulation-of-Light-Propagation/build-MC_Simulation_CUDA-Unnamed_6e5b11-Default/Makefile&quot;  VERBOSE=1 clean"/>
					<DistClean command="/usr/bin/make -j4 -f &quot;/home/eman/Monte-Carlo-Simulation-of-Light-Propagation/build-MC_Simulation_CUDA-Unnamed_6e5b11-Default/Makefile&quot;  VERBOSE=1 clean"/>
				</MakeCommands>
			</Target>
			<Target title="edit_cache">
				<Option working_dir="/home/eman/Monte-Carlo-Simulation-of-Light-Propagation/build-MC_Simulation_CUDA-Unnamed_6e5b11-Default"/>
				<Option type="4"/>
				<MakeCommands>
					<Build command="/usr/bin/make -j4 -f &quot;/home/eman/Monte-Carlo-Simulation-of-Light-Propagation/build-MC_Simulation_CUDA-Unnamed_6e5b11-Default/Makefile&quot;  VERBOSE=1 edit_cache"/>
					<CompileFile command="/usr/bin/make -j4 -f &quot;/home/eman/Monte-Carlo-Simulation-of-Light-Propagation/build-MC_Simulation_CUDA-Unnamed_6e5b11-Default/Makefile&quot;  VERBOSE=1 &quot;$file&quot;"/>
					<Clean command="/usr/bin/make -j4 -f &quot;/home/eman/Monte-Carlo-Simulation-of-Light-Propagation/build-MC_Simulation_CUDA-Unnamed_6e5b11-Default/Makefile&quot;  VERBOSE=1 clean"/>
					<DistClean command="/usr/bin/make -j4 -f &quot;/home/eman/Monte-Carlo-Simulation-of-Light-Propagation/build-MC_Simulation_CUDA-Unnamed_6e5b11-Default/Makefile&quot;  VERBOSE=1 clean"/>
				</MakeCommands>
			</Target>
			<Target title="MC_simulation_autogen">
				<Option working_dir="/home/eman/Monte-Carlo-Simulation-of-Light-Propagation/build-MC_Simulation_CUDA-Unnamed_6e5b11-Default"/>
				<Option type="4"/>
				<MakeCommands>
					<Build command="/usr/bin/make -j4 -f &quot;/home/eman/Monte-Carlo-Simulation-of-Light-Propagation/build-MC_Simulation_CUDA-Unnamed_6e5b11-Default/Makefile&quot;  VERBOSE=1 MC_simulation_autogen"/>
					<CompileFile command="/usr/bin/make -j4 -f &quot;/home/eman/Monte-Carlo-Simulation-of-Light-Propagation/build-MC_Simulation_CUDA-Unnamed_6e5b11-Default/Makefile&quot;  VERBOSE=1 &quot;$file&quot;"/>
					<Clean command="/usr/bin/make -j4 -f &quot;/home/eman/Monte-Carlo-Simulation-of-Light-Propagation/build-MC_Simulation_CUDA-Unnamed_6e5b11-Default/Makefile&quot;  VERBOSE=1 clean"/>
					<DistClean command="/usr/bin/make -j4 -f &quot;/home/eman/Monte-Carlo-Simulation-of-Light-Propagation/build-MC_Simulation_CUDA-Unnamed_6e5b11-Default/Makefile&quot;  VERBOSE=1 clean"/>
				</MakeCommands>
			</Target>
		</Build>
		<Unit filename="/home/eman/Monte-Carlo-Simulation-of-Light-Propagation/MC_Simulation_CUDA/Network/Client/Headers/ClientSocket.h">
			<Option target="MC_simulation"/>
		</Unit>
		<Unit filename="/home/eman/Monte-Carlo-Simulation-of-Light-Propagation/MC_Simulation_CUDA/Network/Client/Headers/socket.h">
			<Option target="MC_simulation"/>
		</Unit>
		<Unit filename="/home/eman/Monte-Carlo-Simulation-of-Light-Propagation/MC_Simulation_CUDA/Network/Client/Sources/ClientSocket.cpp">
			<Option target="MC_simulation"/>
		</Unit>
		<Unit filename="/home/eman/Monte-Carlo-Simulation-of-Light-Propagation/MC_Simulation_CUDA/Network/Client/Sources/socket.cpp">
			<Option target="MC_simulation"/>
		</Unit>
		<Unit filename="/home/eman/Monte-Carlo-Simulation-of-Light-Propagation/MC_Simulation_CUDA/code/headers/MC_Detector.cuh">
			<Option target="MC_simulation"/>
		</Unit>
		<Unit filename="/home/eman/Monte-Carlo-Simulation-of-Light-Propagation/MC_Simulation_CUDA/code/headers/MC_Helpers.cuh">
			<Option target="MC_simulation"/>
		</Unit>
		<Unit filename="/home/eman/Monte-Carlo-Simulation-of-Light-Propagation/MC_Simulation_CUDA/code/headers/MC_Kernels.cuh">
			<Option target="MC_simulation"/>
		</Unit>
		<Unit filename="/home/eman/Monte-Carlo-Simulation-of-Light-Propagation/MC_Simulation_CUDA/code/headers/MC_MLTissue.cuh">
			<Option target="MC_simulation"/>
		</Unit>
		<Unit filename="/home/eman/Monte-Carlo-Simulation-of-Light-Propagation/MC_Simulation_CUDA/code/headers/MC_Math.cuh">
			<Option target="MC_simulation"/>
		</Unit>
		<Unit filename="/home/eman/Monte-Carlo-Simulation-of-Light-Propagation/MC_Simulation_CUDA/code/headers/MC_Photon.cuh">
			<Option target="MC_simulation"/>
		</Unit>
		<Unit filename="/home/eman/Monte-Carlo-Simulation-of-Light-Propagation/MC_Simulation_CUDA/code/headers/MC_Point.cuh">
			<Option target="MC_simulation"/>
		</Unit>
		<Unit filename="/home/eman/Monte-Carlo-Simulation-of-Light-Propagation/MC_Simulation_CUDA/code/headers/MC_RNG.cuh">
			<Option target="MC_simulation"/>
		</Unit>
		<Unit filename="/home/eman/Monte-Carlo-Simulation-of-Light-Propagation/MC_Simulation_CUDA/code/headers/MC_RandomWalk.cuh">
			<Option target="MC_simulation"/>
		</Unit>
		<Unit filename="/home/eman/Monte-Carlo-Simulation-of-Light-Propagation/MC_Simulation_CUDA/code/headers/MC_Ray.cuh">
			<Option target="MC_simulation"/>
		</Unit>
		<Unit filename="/home/eman/Monte-Carlo-Simulation-of-Light-Propagation/MC_Simulation_CUDA/code/headers/MC_Tissue.cuh">
			<Option target="MC_simulation"/>
		</Unit>
		<Unit filename="/home/eman/Monte-Carlo-Simulation-of-Light-Propagation/MC_Simulation_CUDA/code/headers/MC_Vector.cuh">
			<Option target="MC_simulation"/>
		</Unit>
		<Unit filename="/home/eman/Monte-Carlo-Simulation-of-Light-Propagation/MC_Simulation_CUDA/code/src/MC_Detector.cu">
			<Option target="MC_simulation"/>
		</Unit>
		<Unit filename="/home/eman/Monte-Carlo-Simulation-of-Light-Propagation/MC_Simulation_CUDA/code/src/MC_Helpers.cu">
			<Option target="MC_simulation"/>
		</Unit>
		<Unit filename="/home/eman/Monte-Carlo-Simulation-of-Light-Propagation/MC_Simulation_CUDA/code/src/MC_Kernels.cu">
			<Option target="MC_simulation"/>
		</Unit>
		<Unit filename="/home/eman/Monte-Carlo-Simulation-of-Light-Propagation/MC_Simulation_CUDA/code/src/MC_MLTissue.cu">
			<Option target="MC_simulation"/>
		</Unit>
		<Unit filename="/home/eman/Monte-Carlo-Simulation-of-Light-Propagation/MC_Simulation_CUDA/code/src/MC_Math.cu">
			<Option target="MC_simulation"/>
		</Unit>
		<Unit filename="/home/eman/Monte-Carlo-Simulation-of-Light-Propagation/MC_Simulation_CUDA/code/src/MC_Photon.cu">
			<Option target="MC_simulation"/>
		</Unit>
		<Unit filename="/home/eman/Monte-Carlo-Simulation-of-Light-Propagation/MC_Simulation_CUDA/code/src/MC_Point.cu">
			<Option target="MC_simulation"/>
		</Unit>
		<Unit filename="/home/eman/Monte-Carlo-Simulation-of-Light-Propagation/MC_Simulation_CUDA/code/src/MC_RNG.cu">
			<Option target="MC_simulation"/>
		</Unit>
		<Unit filename="/home/eman/Monte-Carlo-Simulation-of-Light-Propagation/MC_Simulation_CUDA/code/src/MC_Ray.cu">
			<Option target="MC_simulation"/>
		</Unit>
		<Unit filename="/home/eman/Monte-Carlo-Simulation-of-Light-Propagation/MC_Simulation_CUDA/code/src/MC_Tissue.cu">
			<Option target="MC_simulation"/>
		</Unit>
		<Unit filename="/home/eman/Monte-Carlo-Simulation-of-Light-Propagation/MC_Simulation_CUDA/code/src/MC_Vector.cu">
			<Option target="MC_simulation"/>
		</Unit>
		<Unit filename="/home/eman/Monte-Carlo-Simulation-of-Light-Propagation/MC_Simulation_CUDA/main.cu">
			<Option target="MC_simulation"/>
		</Unit>
		<Unit filename="/home/eman/Monte-Carlo-Simulation-of-Light-Propagation/build-MC_Simulation_CUDA-Unnamed_6e5b11-Default/CMakeFiles/MC_simulation.dir/MC_simulation_generated_main.cu.o">
			<Option target="MC_simulation"/>
		</Unit>
		<Unit filename="/home/eman/Monte-Carlo-Simulation-of-Light-Propagation/build-MC_Simulation_CUDA-Unnamed_6e5b11-Default/CMakeFiles/MC_simulation.dir/MC_simulation_intermediate_link.o">
			<Option target="MC_simulation"/>
		</Unit>
		<Unit filename="/home/eman/Monte-Carlo-Simulation-of-Light-Propagation/build-MC_Simulation_CUDA-Unnamed_6e5b11-Default/CMakeFiles/MC_simulation.dir/MC_simulation_intermediate_link.o.rule">
			<Option target="MC_simulation"/>
		</Unit>
		<Unit filename="/home/eman/Monte-Carlo-Simulation-of-Light-Propagation/build-MC_Simulation_CUDA-Unnamed_6e5b11-Default/CMakeFiles/MC_simulation.dir/code/src/MC_simulation_generated_MC_Detector.cu.o">
			<Option target="MC_simulation"/>
		</Unit>
		<Unit filename="/home/eman/Monte-Carlo-Simulation-of-Light-Propagation/build-MC_Simulation_CUDA-Unnamed_6e5b11-Default/CMakeFiles/MC_simulation.dir/code/src/MC_simulation_generated_MC_Helpers.cu.o">
			<Option target="MC_simulation"/>
		</Unit>
		<Unit filename="/home/eman/Monte-Carlo-Simulation-of-Light-Propagation/build-MC_Simulation_CUDA-Unnamed_6e5b11-Default/CMakeFiles/MC_simulation.dir/code/src/MC_simulation_generated_MC_Kernels.cu.o">
			<Option target="MC_simulation"/>
		</Unit>
		<Unit filename="/home/eman/Monte-Carlo-Simulation-of-Light-Propagation/build-MC_Simulation_CUDA-Unnamed_6e5b11-Default/CMakeFiles/MC_simulation.dir/code/src/MC_simulation_generated_MC_MLTissue.cu.o">
			<Option target="MC_simulation"/>
		</Unit>
		<Unit filename="/home/eman/Monte-Carlo-Simulation-of-Light-Propagation/build-MC_Simulation_CUDA-Unnamed_6e5b11-Default/CMakeFiles/MC_simulation.dir/code/src/MC_simulation_generated_MC_Math.cu.o">
			<Option target="MC_simulation"/>
		</Unit>
		<Unit filename="/home/eman/Monte-Carlo-Simulation-of-Light-Propagation/build-MC_Simulation_CUDA-Unnamed_6e5b11-Default/CMakeFiles/MC_simulation.dir/code/src/MC_simulation_generated_MC_Photon.cu.o">
			<Option target="MC_simulation"/>
		</Unit>
		<Unit filename="/home/eman/Monte-Carlo-Simulation-of-Light-Propagation/build-MC_Simulation_CUDA-Unnamed_6e5b11-Default/CMakeFiles/MC_simulation.dir/code/src/MC_simulation_generated_MC_Point.cu.o">
			<Option target="MC_simulation"/>
		</Unit>
		<Unit filename="/home/eman/Monte-Carlo-Simulation-of-Light-Propagation/build-MC_Simulation_CUDA-Unnamed_6e5b11-Default/CMakeFiles/MC_simulation.dir/code/src/MC_simulation_generated_MC_RNG.cu.o">
			<Option target="MC_simulation"/>
		</Unit>
		<Unit filename="/home/eman/Monte-Carlo-Simulation-of-Light-Propagation/build-MC_Simulation_CUDA-Unnamed_6e5b11-Default/CMakeFiles/MC_simulation.dir/code/src/MC_simulation_generated_MC_Ray.cu.o">
			<Option target="MC_simulation"/>
		</Unit>
		<Unit filename="/home/eman/Monte-Carlo-Simulation-of-Light-Propagation/build-MC_Simulation_CUDA-Unnamed_6e5b11-Default/CMakeFiles/MC_simulation.dir/code/src/MC_simulation_generated_MC_Tissue.cu.o">
			<Option target="MC_simulation"/>
		</Unit>
		<Unit filename="/home/eman/Monte-Carlo-Simulation-of-Light-Propagation/build-MC_Simulation_CUDA-Unnamed_6e5b11-Default/CMakeFiles/MC_simulation.dir/code/src/MC_simulation_generated_MC_Vector.cu.o">
			<Option target="MC_simulation"/>
		</Unit>
		<Unit filename="/home/eman/Monte-Carlo-Simulation-of-Light-Propagation/build-MC_Simulation_CUDA-Unnamed_6e5b11-Default/MC_simulation_autogen/mocs_compilation.cpp">
			<Option target="MC_simulation"/>
		</Unit>
		<Unit filename="/home/eman/Monte-Carlo-Simulation-of-Light-Propagation/MC_Simulation_CUDA/CMakeLists.txt">
			<Option virtualFolder="CMake Files\"/>
		</Unit>
		<Unit filename="/home/eman/Monte-Carlo-Simulation-of-Light-Propagation/MC_Simulation_CUDA/../../../../usr/lib/x86_64-linux-gnu/cmake/Qt5Network/Qt5NetworkConfig.cmake">
			<Option virtualFolder="CMake Files\..\..\..\..\usr\lib\x86_64-linux-gnu\cmake\Qt5Network\"/>
		</Unit>
		<Unit filename="/home/eman/Monte-Carlo-Simulation-of-Light-Propagation/MC_Simulation_CUDA/../../../../usr/lib/x86_64-linux-gnu/cmake/Qt5Network/Qt5NetworkConfigVersion.cmake">
			<Option virtualFolder="CMake Files\..\..\..\..\usr\lib\x86_64-linux-gnu\cmake\Qt5Network\"/>
		</Unit>
		<Unit filename="/home/eman/Monte-Carlo-Simulation-of-Light-Propagation/MC_Simulation_CUDA/../../../../usr/lib/x86_64-linux-gnu/cmake/Qt5Core/Qt5CoreConfig.cmake">
			<Option virtualFolder="CMake Files\..\..\..\..\usr\lib\x86_64-linux-gnu\cmake\Qt5Core\"/>
		</Unit>
		<Unit filename="/home/eman/Monte-Carlo-Simulation-of-Light-Propagation/MC_Simulation_CUDA/../../../../usr/lib/x86_64-linux-gnu/cmake/Qt5Core/Qt5CoreConfigExtras.cmake">
			<Option virtualFolder="CMake Files\..\..\..\..\usr\lib\x86_64-linux-gnu\cmake\Qt5Core\"/>
		</Unit>
		<Unit filename="/home/eman/Monte-Carlo-Simulation-of-Light-Propagation/MC_Simulation_CUDA/../../../../usr/lib/x86_64-linux-gnu/cmake/Qt5Core/Qt5CoreConfigExtrasMkspecDir.cmake">
			<Option virtualFolder="CMake Files\..\..\..\..\usr\lib\x86_64-linux-gnu\cmake\Qt5Core\"/>
		</Unit>
		<Unit filename="/home/eman/Monte-Carlo-Simulation-of-Light-Propagation/MC_Simulation_CUDA/../../../../usr/lib/x86_64-linux-gnu/cmake/Qt5Core/Qt5CoreConfigVersion.cmake">
			<Option virtualFolder="CMake Files\..\..\..\..\usr\lib\x86_64-linux-gnu\cmake\Qt5Core\"/>
		</Unit>
		<Unit filename="/home/eman/Monte-Carlo-Simulation-of-Light-Propagation/MC_Simulation_CUDA/../../../../usr/lib/x86_64-linux-gnu/cmake/Qt5Core/Qt5CoreMacros.cmake">
			<Option virtualFolder="CMake Files\..\..\..\..\usr\lib\x86_64-linux-gnu\cmake\Qt5Core\"/>
		</Unit>
		<Unit filename="/home/eman/Monte-Carlo-Simulation-of-Light-Propagation/MC_Simulation_CUDA/../../../../usr/lib/x86_64-linux-gnu/cmake/Qt5Widgets/Qt5WidgetsConfig.cmake">
			<Option virtualFolder="CMake Files\..\..\..\..\usr\lib\x86_64-linux-gnu\cmake\Qt5Widgets\"/>
		</Unit>
		<Unit filename="/home/eman/Monte-Carlo-Simulation-of-Light-Propagation/MC_Simulation_CUDA/../../../../usr/lib/x86_64-linux-gnu/cmake/Qt5Widgets/Qt5WidgetsConfigExtras.cmake">
			<Option virtualFolder="CMake Files\..\..\..\..\usr\lib\x86_64-linux-gnu\cmake\Qt5Widgets\"/>
		</Unit>
		<Unit filename="/home/eman/Monte-Carlo-Simulation-of-Light-Propagation/MC_Simulation_CUDA/../../../../usr/lib/x86_64-linux-gnu/cmake/Qt5Widgets/Qt5WidgetsConfigVersion.cmake">
			<Option virtualFolder="CMake Files\..\..\..\..\usr\lib\x86_64-linux-gnu\cmake\Qt5Widgets\"/>
		</Unit>
		<Unit filename="/home/eman/Monte-Carlo-Simulation-of-Light-Propagation/MC_Simulation_CUDA/../../../../usr/lib/x86_64-linux-gnu/cmake/Qt5Widgets/Qt5WidgetsMacros.cmake">
			<Option virtualFolder="CMake Files\..\..\..\..\usr\lib\x86_64-linux-gnu\cmake\Qt5Widgets\"/>
		</Unit>
		<Unit filename="/home/eman/Monte-Carlo-Simulation-of-Light-Propagation/MC_Simulation_CUDA/../../../../usr/lib/x86_64-linux-gnu/cmake/Qt5Gui/Qt5GuiConfig.cmake">
			<Option virtualFolder="CMake Files\..\..\..\..\usr\lib\x86_64-linux-gnu\cmake\Qt5Gui\"/>
		</Unit>
		<Unit filename="/home/eman/Monte-Carlo-Simulation-of-Light-Propagation/MC_Simulation_CUDA/../../../../usr/lib/x86_64-linux-gnu/cmake/Qt5Gui/Qt5GuiConfigExtras.cmake">
			<Option virtualFolder="CMake Files\..\..\..\..\usr\lib\x86_64-linux-gnu\cmake\Qt5Gui\"/>
		</Unit>
		<Unit filename="/home/eman/Monte-Carlo-Simulation-of-Light-Propagation/MC_Simulation_CUDA/../../../../usr/lib/x86_64-linux-gnu/cmake/Qt5Gui/Qt5GuiConfigVersion.cmake">
			<Option virtualFolder="CMake Files\..\..\..\..\usr\lib\x86_64-linux-gnu\cmake\Qt5Gui\"/>
		</Unit>
		<Unit filename="/home/eman/Monte-Carlo-Simulation-of-Light-Propagation/MC_Simulation_CUDA/../../../../usr/lib/x86_64-linux-gnu/cmake/Qt5/Qt5Config.cmake">
			<Option virtualFolder="CMake Files\..\..\..\..\usr\lib\x86_64-linux-gnu\cmake\Qt5\"/>
		</Unit>
		<Unit filename="/home/eman/Monte-Carlo-Simulation-of-Light-Propagation/MC_Simulation_CUDA/../../../../usr/lib/x86_64-linux-gnu/cmake/Qt5/Qt5ConfigVersion.cmake">
			<Option virtualFolder="CMake Files\..\..\..\..\usr\lib\x86_64-linux-gnu\cmake\Qt5\"/>
		</Unit>
		<Unit filename="/home/eman/Monte-Carlo-Simulation-of-Light-Propagation/MC_Simulation_CUDA/../../../../usr/lib/x86_64-linux-gnu/cmake/Qt5/Qt5ModuleLocation.cmake">
			<Option virtualFolder="CMake Files\..\..\..\..\usr\lib\x86_64-linux-gnu\cmake\Qt5\"/>
		</Unit>
	</Project>
</CodeBlocks_project_file>
